
Microsoft Visual Studio Solution File, Format Version 12.00
# Visual Studio 15
VisualStudioVersion = 15.0.27703.2035
MinimumVisualStudioVersion = 10.0.40219.1
Project("{9A19103F-16F7-4668-BE54-9A1E7A4F7556}") = "Orleans.KafkaStreamProvider", "src\Orleans.KafkaStreamProvider\Orleans.KafkaStreamProvider.csproj", "{4F85D8D4-DFB0-4D4A-9876-0F10489466D6}"
EndProject
Global
	GlobalSection(SolutionConfigurationPlatforms) = preSolution
		Debug|Any CPU = Debug|Any CPU
		Release|Any CPU = Release|Any CPU
	EndGlobalSection
	GlobalSection(ProjectConfigurationPlatforms) = postSolution
		{4F85D8D4-DFB0-4D4A-9876-0F10489466D6}.Debug|Any CPU.ActiveCfg = Debug|Any CPU
		{4F85D8D4-DFB0-4D4A-9876-0F10489466D6}.Debug|Any CPU.Build.0 = Debug|Any CPU
		{4F85D8D4-DFB0-4D4A-9876-0F10489466D6}.Release|Any CPU.ActiveCfg = Release|Any CPU
		{4F85D8D4-DFB0-4D4A-9876-0F10489466D6}.Release|Any CPU.Build.0 = Release|Any CPU
	EndGlobalSection
	GlobalSection(SolutionProperties) = preSolution
		HideSolutionNode = FALSE
	EndGlobalSection
	GlobalSection(ExtensibilityGlobals) = postSolution
		SolutionGuid = {5575212D-C71C-41F3-B0D3-DFA9DDB5320C}
	EndGlobalSection
EndGlobal
